// !$*UTF8*$!
{
	archiveVersion = 1;
	classes = {
	};
	objectVersion = 46;
	objects = {

/* Begin PBXBuildFile section */
		771A422E1DCAEECA00BDB2DA /* SKYSlider.m in Sources */ = {isa = PBXBuildFile; fileRef = 771A422D1DCAEECA00BDB2DA /* SKYSlider.m */; };
		771A42301DCAF5DF00BDB2DA /* 月半小夜曲.jpg in Resources */ = {isa = PBXBuildFile; fileRef = 771A422F1DCAF5DF00BDB2DA /* 月半小夜曲.jpg */; };
		771A42321DCAF68600BDB2DA /* 泡沫.jpg in Resources */ = {isa = PBXBuildFile; fileRef = 771A42311DCAF68600BDB2DA /* 泡沫.jpg */; };
		771A42341DCAF68F00BDB2DA /* 小苹果.jpg in Resources */ = {isa = PBXBuildFile; fileRef = 771A42331DCAF68F00BDB2DA /* 小苹果.jpg */; };
		771A42361DCAF6AA00BDB2DA /* 稳稳的幸福.jpg in Resources */ = {isa = PBXBuildFile; fileRef = 771A42351DCAF6AA00BDB2DA /* 稳稳的幸福.jpg */; };
		771A42381DCB039000BDB2DA /* 4.jpg in Resources */ = {isa = PBXBuildFile; fileRef = 771A42371DCB039000BDB2DA /* 4.jpg */; };
		7746CAB41DC2ED9600EC94A0 /* LyricTableViewCell.m in Sources */ = {isa = PBXBuildFile; fileRef = 7746CAB31DC2ED9600EC94A0 /* LyricTableViewCell.m */; };
		775BA0631DC1C9AE00805B1E /* main.m in Sources */ = {isa = PBXBuildFile; fileRef = 775BA0621DC1C9AE00805B1E /* main.m */; };
		775BA0661DC1C9AE00805B1E /* AppDelegate.m in Sources */ = {isa = PBXBuildFile; fileRef = 775BA0651DC1C9AE00805B1E /* AppDelegate.m */; };
		775BA0691DC1C9AE00805B1E /* ViewController.m in Sources */ = {isa = PBXBuildFile; fileRef = 775BA0681DC1C9AE00805B1E /* ViewController.m */; };
		775BA06C1DC1C9AE00805B1E /* Main.storyboard in Resources */ = {isa = PBXBuildFile; fileRef = 775BA06A1DC1C9AE00805B1E /* Main.storyboard */; };
		775BA06E1DC1C9AE00805B1E /* Assets.xcassets in Resources */ = {isa = PBXBuildFile; fileRef = 775BA06D1DC1C9AE00805B1E /* Assets.xcassets */; };
		775BA0711DC1C9AE00805B1E /* LaunchScreen.storyboard in Resources */ = {isa = PBXBuildFile; fileRef = 775BA06F1DC1C9AE00805B1E /* LaunchScreen.storyboard */; };
		775BA07C1DC1C9AF00805B1E /* _____Tests.m in Sources */ = {isa = PBXBuildFile; fileRef = 775BA07B1DC1C9AF00805B1E /* _____Tests.m */; };
		775BA0871DC1C9AF00805B1E /* _____UITests.m in Sources */ = {isa = PBXBuildFile; fileRef = 775BA0861DC1C9AF00805B1E /* _____UITests.m */; };
		775BA0AA1DC1D3B000805B1E /* SKYMusic.m in Sources */ = {isa = PBXBuildFile; fileRef = 775BA0A91DC1D3B000805B1E /* SKYMusic.m */; };
		775BA0AD1DC1D49800805B1E /* SKYLyric.m in Sources */ = {isa = PBXBuildFile; fileRef = 775BA0AC1DC1D49800805B1E /* SKYLyric.m */; };
		775BA0B21DC1DC1200805B1E /* MusicTableViewCell.m in Sources */ = {isa = PBXBuildFile; fileRef = 775BA0B11DC1DC1200805B1E /* MusicTableViewCell.m */; };
		775BA0B61DC1DEA600805B1E /* UIImage+SKYExtension.m in Sources */ = {isa = PBXBuildFile; fileRef = 775BA0B51DC1DEA600805B1E /* UIImage+SKYExtension.m */; };
		775BA0BA1DC1EE2400805B1E /* MusicManager.m in Sources */ = {isa = PBXBuildFile; fileRef = 775BA0B91DC1EE2400805B1E /* MusicManager.m */; };
		779328591DC7178000D1FCBB /* DetailViewController.m in Sources */ = {isa = PBXBuildFile; fileRef = 779328581DC7178000D1FCBB /* DetailViewController.m */; };
		77B8F1591DC861B100B3EF7D /* SKYLabel.m in Sources */ = {isa = PBXBuildFile; fileRef = 77B8F1581DC861B100B3EF7D /* SKYLabel.m */; };
		77B8F15C1DC866EF00B3EF7D /* SKYLyricView.m in Sources */ = {isa = PBXBuildFile; fileRef = 77B8F15B1DC866EF00B3EF7D /* SKYLyricView.m */; };
		77B8F1721DC889F100B3EF7D /* 泡沫.lrc in Resources */ = {isa = PBXBuildFile; fileRef = 77B8F15E1DC889F100B3EF7D /* 泡沫.lrc */; };
		77B8F1731DC889F100B3EF7D /* 稳稳的幸福.lrc in Resources */ = {isa = PBXBuildFile; fileRef = 77B8F15F1DC889F100B3EF7D /* 稳稳的幸福.lrc */; };
		77B8F1741DC889F100B3EF7D /* 小苹果.lrc in Resources */ = {isa = PBXBuildFile; fileRef = 77B8F1601DC889F100B3EF7D /* 小苹果.lrc */; };
		77B8F1751DC889F100B3EF7D /* 小苹果.mp3 in Resources */ = {isa = PBXBuildFile; fileRef = 77B8F1611DC889F100B3EF7D /* 小苹果.mp3 */; };
		77B8F1761DC889F100B3EF7D /* 月半小夜曲.lrc in Resources */ = {isa = PBXBuildFile; fileRef = 77B8F1621DC889F100B3EF7D /* 月半小夜曲.lrc */; };
		77B8F1771DC889F100B3EF7D /* 稳稳的幸福.mp3 in Resources */ = {isa = PBXBuildFile; fileRef = 77B8F1631DC889F100B3EF7D /* 稳稳的幸福.mp3 */; };
		77B8F17A1DC889F100B3EF7D /* 泡沫.mp3 in Resources */ = {isa = PBXBuildFile; fileRef = 77B8F1661DC889F100B3EF7D /* 泡沫.mp3 */; };
		77B8F1861DC88A8A00B3EF7D /* 月半小夜曲.mp3 in Resources */ = {isa = PBXBuildFile; fileRef = 77B8F1851DC88A8A00B3EF7D /* 月半小夜曲.mp3 */; };
		798AD9F05716FA6FBB9B2C24 /* libPods-音乐播放器.a in Frameworks */ = {isa = PBXBuildFile; fileRef = 81914B8A1785CF5C100D06AE /* libPods-音乐播放器.a */; };
/* End PBXBuildFile section */

/* Begin PBXContainerItemProxy section */
		775BA0781DC1C9AF00805B1E /* PBXContainerItemProxy */ = {
			isa = PBXContainerItemProxy;
			containerPortal = 775BA0561DC1C9AE00805B1E /* Project object */;
			proxyType = 1;
			remoteGlobalIDString = 775BA05D1DC1C9AE00805B1E;
			remoteInfo = "音乐播放器";
		};
		775BA0831DC1C9AF00805B1E /* PBXContainerItemProxy */ = {
			isa = PBXContainerItemProxy;
			containerPortal = 775BA0561DC1C9AE00805B1E /* Project object */;
			proxyType = 1;
			remoteGlobalIDString = 775BA05D1DC1C9AE00805B1E;
			remoteInfo = "音乐播放器";
		};
/* End PBXContainerItemProxy section */

/* Begin PBXFileReference section */
		400E444E76D941B25850C0AA /* Pods-音乐播放器.debug.xcconfig */ = {isa = PBXFileReference; includeInIndex = 1; lastKnownFileType = text.xcconfig; name = "Pods-音乐播放器.debug.xcconfig"; path = "Pods/Target Support Files/Pods-音乐播放器/Pods-音乐播放器.debug.xcconfig"; sourceTree = "<group>"; };
		75B63C08388DB43FC6F1DCF4 /* Pods-音乐播放器.release.xcconfig */ = {isa = PBXFileReference; includeInIndex = 1; lastKnownFileType = text.xcconfig; name = "Pods-音乐播放器.release.xcconfig"; path = "Pods/Target Support Files/Pods-音乐播放器/Pods-音乐播放器.release.xcconfig"; sourceTree = "<group>"; };
		771A422C1DCAEECA00BDB2DA /* SKYSlider.h */ = {isa = PBXFileReference; fileEncoding = 4; lastKnownFileType = sourcecode.c.h; path = SKYSlider.h; sourceTree = "<group>"; };
		771A422D1DCAEECA00BDB2DA /* SKYSlider.m */ = {isa = PBXFileReference; fileEncoding = 4; lastKnownFileType = sourcecode.c.objc; path = SKYSlider.m; sourceTree = "<group>"; };
		771A422F1DCAF5DF00BDB2DA /* 月半小夜曲.jpg */ = {isa = PBXFileReference; lastKnownFileType = image.jpeg; path = "月半小夜曲.jpg"; sourceTree = "<group>"; };
		771A42311DCAF68600BDB2DA /* 泡沫.jpg */ = {isa = PBXFileReference; lastKnownFileType = image.jpeg; path = "泡沫.jpg"; sourceTree = "<group>"; };
		771A42331DCAF68F00BDB2DA /* 小苹果.jpg */ = {isa = PBXFileReference; lastKnownFileType = image.jpeg; path = "小苹果.jpg"; sourceTree = "<group>"; };
		771A42351DCAF6AA00BDB2DA /* 稳稳的幸福.jpg */ = {isa = PBXFileReference; lastKnownFileType = image.jpeg; path = "稳稳的幸福.jpg"; sourceTree = "<group>"; };
		771A42371DCB039000BDB2DA /* 4.jpg */ = {isa = PBXFileReference; lastKnownFileType = image.jpeg; path = 4.jpg; sourceTree = "<group>"; };
		7746CAB21DC2ED9600EC94A0 /* LyricTableViewCell.h */ = {isa = PBXFileReference; fileEncoding = 4; lastKnownFileType = sourcecode.c.h; path = LyricTableViewCell.h; sourceTree = "<group>"; };
		7746CAB31DC2ED9600EC94A0 /* LyricTableViewCell.m */ = {isa = PBXFileReference; fileEncoding = 4; lastKnownFileType = sourcecode.c.objc; path = LyricTableViewCell.m; sourceTree = "<group>"; };
		775BA05E1DC1C9AE00805B1E /* 音乐播放器.app */ = {isa = PBXFileReference; explicitFileType = wrapper.application; includeInIndex = 0; path = "音乐播放器.app"; sourceTree = BUILT_PRODUCTS_DIR; };
		775BA0621DC1C9AE00805B1E /* main.m */ = {isa = PBXFileReference; lastKnownFileType = sourcecode.c.objc; path = main.m; sourceTree = "<group>"; };
		775BA0641DC1C9AE00805B1E /* AppDelegate.h */ = {isa = PBXFileReference; lastKnownFileType = sourcecode.c.h; path = AppDelegate.h; sourceTree = "<group>"; };
		775BA0651DC1C9AE00805B1E /* AppDelegate.m */ = {isa = PBXFileReference; lastKnownFileType = sourcecode.c.objc; path = AppDelegate.m; sourceTree = "<group>"; };
		775BA0671DC1C9AE00805B1E /* ViewController.h */ = {isa = PBXFileReference; lastKnownFileType = sourcecode.c.h; path = ViewController.h; sourceTree = "<group>"; };
		775BA0681DC1C9AE00805B1E /* ViewController.m */ = {isa = PBXFileReference; lastKnownFileType = sourcecode.c.objc; path = ViewController.m; sourceTree = "<group>"; };
		775BA06B1DC1C9AE00805B1E /* Base */ = {isa = PBXFileReference; lastKnownFileType = file.storyboard; name = Base; path = Base.lproj/Main.storyboard; sourceTree = "<group>"; };
		775BA06D1DC1C9AE00805B1E /* Assets.xcassets */ = {isa = PBXFileReference; lastKnownFileType = folder.assetcatalog; path = Assets.xcassets; sourceTree = "<group>"; };
		775BA0701DC1C9AE00805B1E /* Base */ = {isa = PBXFileReference; lastKnownFileType = file.storyboard; name = Base; path = Base.lproj/LaunchScreen.storyboard; sourceTree = "<group>"; };
		775BA0721DC1C9AE00805B1E /* Info.plist */ = {isa = PBXFileReference; lastKnownFileType = text.plist.xml; path = Info.plist; sourceTree = "<group>"; };
		775BA0771DC1C9AF00805B1E /* 音乐播放器Tests.xctest */ = {isa = PBXFileReference; explicitFileType = wrapper.cfbundle; includeInIndex = 0; path = "音乐播放器Tests.xctest"; sourceTree = BUILT_PRODUCTS_DIR; };
		775BA07B1DC1C9AF00805B1E /* _____Tests.m */ = {isa = PBXFileReference; lastKnownFileType = sourcecode.c.objc; path = "_____Tests.m"; sourceTree = "<group>"; };
		775BA07D1DC1C9AF00805B1E /* Info.plist */ = {isa = PBXFileReference; lastKnownFileType = text.plist.xml; path = Info.plist; sourceTree = "<group>"; };
		775BA0821DC1C9AF00805B1E /* 音乐播放器UITests.xctest */ = {isa = PBXFileReference; explicitFileType = wrapper.cfbundle; includeInIndex = 0; path = "音乐播放器UITests.xctest"; sourceTree = BUILT_PRODUCTS_DIR; };
		775BA0861DC1C9AF00805B1E /* _____UITests.m */ = {isa = PBXFileReference; lastKnownFileType = sourcecode.c.objc; path = "_____UITests.m"; sourceTree = "<group>"; };
		775BA0881DC1C9AF00805B1E /* Info.plist */ = {isa = PBXFileReference; lastKnownFileType = text.plist.xml; path = Info.plist; sourceTree = "<group>"; };
		775BA0A81DC1D3B000805B1E /* SKYMusic.h */ = {isa = PBXFileReference; fileEncoding = 4; lastKnownFileType = sourcecode.c.h; path = SKYMusic.h; sourceTree = "<group>"; };
		775BA0A91DC1D3B000805B1E /* SKYMusic.m */ = {isa = PBXFileReference; fileEncoding = 4; lastKnownFileType = sourcecode.c.objc; path = SKYMusic.m; sourceTree = "<group>"; };
		775BA0AB1DC1D49800805B1E /* SKYLyric.h */ = {isa = PBXFileReference; fileEncoding = 4; lastKnownFileType = sourcecode.c.h; path = SKYLyric.h; sourceTree = "<group>"; };
		775BA0AC1DC1D49800805B1E /* SKYLyric.m */ = {isa = PBXFileReference; fileEncoding = 4; lastKnownFileType = sourcecode.c.objc; path = SKYLyric.m; sourceTree = "<group>"; };
		775BA0B01DC1DC1200805B1E /* MusicTableViewCell.h */ = {isa = PBXFileReference; fileEncoding = 4; lastKnownFileType = sourcecode.c.h; path = MusicTableViewCell.h; sourceTree = "<group>"; };
		775BA0B11DC1DC1200805B1E /* MusicTableViewCell.m */ = {isa = PBXFileReference; fileEncoding = 4; lastKnownFileType = sourcecode.c.objc; path = MusicTableViewCell.m; sourceTree = "<group>"; };
		775BA0B41DC1DEA600805B1E /* UIImage+SKYExtension.h */ = {isa = PBXFileReference; fileEncoding = 4; lastKnownFileType = sourcecode.c.h; path = "UIImage+SKYExtension.h"; sourceTree = "<group>"; };
		775BA0B51DC1DEA600805B1E /* UIImage+SKYExtension.m */ = {isa = PBXFileReference; fileEncoding = 4; lastKnownFileType = sourcecode.c.objc; path = "UIImage+SKYExtension.m"; sourceTree = "<group>"; };
		775BA0B81DC1EE2400805B1E /* MusicManager.h */ = {isa = PBXFileReference; fileEncoding = 4; lastKnownFileType = sourcecode.c.h; path = MusicManager.h; sourceTree = "<group>"; };
		775BA0B91DC1EE2400805B1E /* MusicManager.m */ = {isa = PBXFileReference; fileEncoding = 4; lastKnownFileType = sourcecode.c.objc; path = MusicManager.m; sourceTree = "<group>"; };
		779328571DC7178000D1FCBB /* DetailViewController.h */ = {isa = PBXFileReference; fileEncoding = 4; lastKnownFileType = sourcecode.c.h; path = DetailViewController.h; sourceTree = "<group>"; };
		779328581DC7178000D1FCBB /* DetailViewController.m */ = {isa = PBXFileReference; fileEncoding = 4; lastKnownFileType = sourcecode.c.objc; path = DetailViewController.m; sourceTree = "<group>"; };
		77B8F1571DC861B100B3EF7D /* SKYLabel.h */ = {isa = PBXFileReference; fileEncoding = 4; lastKnownFileType = sourcecode.c.h; path = SKYLabel.h; sourceTree = "<group>"; };
		77B8F1581DC861B100B3EF7D /* SKYLabel.m */ = {isa = PBXFileReference; fileEncoding = 4; lastKnownFileType = sourcecode.c.objc; path = SKYLabel.m; sourceTree = "<group>"; };
		77B8F15A1DC866EF00B3EF7D /* SKYLyricView.h */ = {isa = PBXFileReference; fileEncoding = 4; lastKnownFileType = sourcecode.c.h; path = SKYLyricView.h; sourceTree = "<group>"; };
		77B8F15B1DC866EF00B3EF7D /* SKYLyricView.m */ = {isa = PBXFileReference; fileEncoding = 4; lastKnownFileType = sourcecode.c.objc; path = SKYLyricView.m; sourceTree = "<group>"; };
		77B8F15E1DC889F100B3EF7D /* 泡沫.lrc */ = {isa = PBXFileReference; fileEncoding = 4; lastKnownFileType = text; path = "泡沫.lrc"; sourceTree = "<group>"; };
		77B8F15F1DC889F100B3EF7D /* 稳稳的幸福.lrc */ = {isa = PBXFileReference; fileEncoding = 4; lastKnownFileType = text; path = "稳稳的幸福.lrc"; sourceTree = "<group>"; };
		77B8F1601DC889F100B3EF7D /* 小苹果.lrc */ = {isa = PBXFileReference; fileEncoding = 4; lastKnownFileType = text; path = "小苹果.lrc"; sourceTree = "<group>"; };
		77B8F1611DC889F100B3EF7D /* 小苹果.mp3 */ = {isa = PBXFileReference; lastKnownFileType = audio.mp3; path = "小苹果.mp3"; sourceTree = "<group>"; };
		77B8F1621DC889F100B3EF7D /* 月半小夜曲.lrc */ = {isa = PBXFileReference; fileEncoding = 4; lastKnownFileType = text; path = "月半小夜曲.lrc"; sourceTree = "<group>"; };
		77B8F1631DC889F100B3EF7D /* 稳稳的幸福.mp3 */ = {isa = PBXFileReference; lastKnownFileType = audio.mp3; path = "稳稳的幸福.mp3"; sourceTree = "<group>"; };
		77B8F1661DC889F100B3EF7D /* 泡沫.mp3 */ = {isa = PBXFileReference; lastKnownFileType = audio.mp3; path = "泡沫.mp3"; sourceTree = "<group>"; };
		77B8F1851DC88A8A00B3EF7D /* 月半小夜曲.mp3 */ = {isa = PBXFileReference; lastKnownFileType = audio.mp3; path = "月半小夜曲.mp3"; sourceTree = "<group>"; };
		81914B8A1785CF5C100D06AE /* libPods-音乐播放器.a */ = {isa = PBXFileReference; explicitFileType = archive.ar; includeInIndex = 0; path = "libPods-音乐播放器.a"; sourceTree = BUILT_PRODUCTS_DIR; };
/* End PBXFileReference section */

/* Begin PBXFrameworksBuildPhase section */
		775BA05B1DC1C9AE00805B1E /* Frameworks */ = {
			isa = PBXFrameworksBuildPhase;
			buildActionMask = 2147483647;
			files = (
				798AD9F05716FA6FBB9B2C24 /* libPods-音乐播放器.a in Frameworks */,
			);
			runOnlyForDeploymentPostprocessing = 0;
		};
		775BA0741DC1C9AF00805B1E /* Frameworks */ = {
			isa = PBXFrameworksBuildPhase;
			buildActionMask = 2147483647;
			files = (
			);
			runOnlyForDeploymentPostprocessing = 0;
		};
		775BA07F1DC1C9AF00805B1E /* Frameworks */ = {
			isa = PBXFrameworksBuildPhase;
			buildActionMask = 2147483647;
			files = (
			);
			runOnlyForDeploymentPostprocessing = 0;
		};
/* End PBXFrameworksBuildPhase section */

/* Begin PBXGroup section */
		00BB471B3094AC68D1239C67 /* Frameworks */ = {
			isa = PBXGroup;
			children = (
				81914B8A1785CF5C100D06AE /* libPods-音乐播放器.a */,
			);
			name = Frameworks;
			sourceTree = "<group>";
		};
		5D9E401391A336BE7C4F73CE /* Pods */ = {
			isa = PBXGroup;
			children = (
				400E444E76D941B25850C0AA /* Pods-音乐播放器.debug.xcconfig */,
				75B63C08388DB43FC6F1DCF4 /* Pods-音乐播放器.release.xcconfig */,
			);
			name = Pods;
			sourceTree = "<group>";
		};
		771A42391DCB0B4600BDB2DA /* Tool */ = {
			isa = PBXGroup;
			children = (
				775BA0B31DC1DE9000805B1E /* Category */,
				775BA0B71DC1EDF400805B1E /* Utils */,
			);
			path = Tool;
			sourceTree = "<group>";
		};
		775BA0551DC1C9AE00805B1E = {
			isa = PBXGroup;
			children = (
				775BA0601DC1C9AE00805B1E /* 音乐播放器 */,
				775BA07A1DC1C9AF00805B1E /* 音乐播放器Tests */,
				775BA0851DC1C9AF00805B1E /* 音乐播放器UITests */,
				775BA05F1DC1C9AE00805B1E /* Products */,
				5D9E401391A336BE7C4F73CE /* Pods */,
				00BB471B3094AC68D1239C67 /* Frameworks */,
			);
			sourceTree = "<group>";
		};
		775BA05F1DC1C9AE00805B1E /* Products */ = {
			isa = PBXGroup;
			children = (
				775BA05E1DC1C9AE00805B1E /* 音乐播放器.app */,
				775BA0771DC1C9AF00805B1E /* 音乐播放器Tests.xctest */,
				775BA0821DC1C9AF00805B1E /* 音乐播放器UITests.xctest */,
			);
			name = Products;
			sourceTree = "<group>";
		};
		775BA0601DC1C9AE00805B1E /* 音乐播放器 */ = {
			isa = PBXGroup;
			children = (
				771A42391DCB0B4600BDB2DA /* Tool */,
				775BA0A21DC1D12400805B1E /* Model */,
				775BA0A11DC1D12400805B1E /* Controller */,
				775BA0A31DC1D12400805B1E /* View */,
				775BA0A41DC1D13600805B1E /* Other */,
				775BA06A1DC1C9AE00805B1E /* Main.storyboard */,
				775BA06D1DC1C9AE00805B1E /* Assets.xcassets */,
				775BA06F1DC1C9AE00805B1E /* LaunchScreen.storyboard */,
				775BA0721DC1C9AE00805B1E /* Info.plist */,
				775BA0611DC1C9AE00805B1E /* Supporting Files */,
			);
			path = "音乐播放器";
			sourceTree = "<group>";
		};
		775BA0611DC1C9AE00805B1E /* Supporting Files */ = {
			isa = PBXGroup;
			children = (
				775BA0941DC1D01000805B1E /* musics */,
				775BA0621DC1C9AE00805B1E /* main.m */,
			);
			name = "Supporting Files";
			sourceTree = "<group>";
		};
		775BA07A1DC1C9AF00805B1E /* 音乐播放器Tests */ = {
			isa = PBXGroup;
			children = (
				775BA07B1DC1C9AF00805B1E /* _____Tests.m */,
				775BA07D1DC1C9AF00805B1E /* Info.plist */,
			);
			path = "音乐播放器Tests";
			sourceTree = "<group>";
		};
		775BA0851DC1C9AF00805B1E /* 音乐播放器UITests */ = {
			isa = PBXGroup;
			children = (
				775BA0861DC1C9AF00805B1E /* _____UITests.m */,
				775BA0881DC1C9AF00805B1E /* Info.plist */,
			);
			path = "音乐播放器UITests";
			sourceTree = "<group>";
		};
		775BA0941DC1D01000805B1E /* musics */ = {
			isa = PBXGroup;
			children = (
				771A42371DCB039000BDB2DA /* 4.jpg */,
				77B8F1851DC88A8A00B3EF7D /* 月半小夜曲.mp3 */,
				77B8F1621DC889F100B3EF7D /* 月半小夜曲.lrc */,
				771A422F1DCAF5DF00BDB2DA /* 月半小夜曲.jpg */,
				77B8F1631DC889F100B3EF7D /* 稳稳的幸福.mp3 */,
				77B8F15F1DC889F100B3EF7D /* 稳稳的幸福.lrc */,
				771A42351DCAF6AA00BDB2DA /* 稳稳的幸福.jpg */,
				77B8F1611DC889F100B3EF7D /* 小苹果.mp3 */,
				77B8F1601DC889F100B3EF7D /* 小苹果.lrc */,
				771A42331DCAF68F00BDB2DA /* 小苹果.jpg */,
				77B8F1661DC889F100B3EF7D /* 泡沫.mp3 */,
				77B8F15E1DC889F100B3EF7D /* 泡沫.lrc */,
				771A42311DCAF68600BDB2DA /* 泡沫.jpg */,
			);
			path = musics;
			sourceTree = "<group>";
		};
		775BA0A11DC1D12400805B1E /* Controller */ = {
			isa = PBXGroup;
			children = (
				775BA0671DC1C9AE00805B1E /* ViewController.h */,
				775BA0681DC1C9AE00805B1E /* ViewController.m */,
				779328571DC7178000D1FCBB /* DetailViewController.h */,
				779328581DC7178000D1FCBB /* DetailViewController.m */,
			);
			path = Controller;
			sourceTree = "<group>";
		};
		775BA0A21DC1D12400805B1E /* Model */ = {
			isa = PBXGroup;
			children = (
				775BA0A81DC1D3B000805B1E /* SKYMusic.h */,
				775BA0A91DC1D3B000805B1E /* SKYMusic.m */,
				775BA0AB1DC1D49800805B1E /* SKYLyric.h */,
				775BA0AC1DC1D49800805B1E /* SKYLyric.m */,
			);
			path = Model;
			sourceTree = "<group>";
		};
		775BA0A31DC1D12400805B1E /* View */ = {
			isa = PBXGroup;
			children = (
				775BA0B01DC1DC1200805B1E /* MusicTableViewCell.h */,
				775BA0B11DC1DC1200805B1E /* MusicTableViewCell.m */,
				7746CAB21DC2ED9600EC94A0 /* LyricTableViewCell.h */,
				7746CAB31DC2ED9600EC94A0 /* LyricTableViewCell.m */,
				77B8F15A1DC866EF00B3EF7D /* SKYLyricView.h */,
				77B8F15B1DC866EF00B3EF7D /* SKYLyricView.m */,
				77B8F1571DC861B100B3EF7D /* SKYLabel.h */,
				77B8F1581DC861B100B3EF7D /* SKYLabel.m */,
				771A422C1DCAEECA00BDB2DA /* SKYSlider.h */,
				771A422D1DCAEECA00BDB2DA /* SKYSlider.m */,
			);
			path = View;
			sourceTree = "<group>";
		};
		775BA0A41DC1D13600805B1E /* Other */ = {
			isa = PBXGroup;
			children = (
				775BA0641DC1C9AE00805B1E /* AppDelegate.h */,
				775BA0651DC1C9AE00805B1E /* AppDelegate.m */,
			);
			path = Other;
			sourceTree = "<group>";
		};
		775BA0B31DC1DE9000805B1E /* Category */ = {
			isa = PBXGroup;
			children = (
				775BA0B41DC1DEA600805B1E /* UIImage+SKYExtension.h */,
				775BA0B51DC1DEA600805B1E /* UIImage+SKYExtension.m */,
			);
			path = Category;
			sourceTree = "<group>";
		};
		775BA0B71DC1EDF400805B1E /* Utils */ = {
			isa = PBXGroup;
			children = (
				775BA0B81DC1EE2400805B1E /* MusicManager.h */,
				775BA0B91DC1EE2400805B1E /* MusicManager.m */,
			);
			path = Utils;
			sourceTree = "<group>";
		};
/* End PBXGroup section */

/* Begin PBXNativeTarget section */
		775BA05D1DC1C9AE00805B1E /* 音乐播放器 */ = {
			isa = PBXNativeTarget;
			buildConfigurationList = 775BA08B1DC1C9AF00805B1E /* Build configuration list for PBXNativeTarget "音乐播放器" */;
			buildPhases = (
				898A2289B41F5C0BA22B1DBE /* [CP] Check Pods Manifest.lock */,
				775BA05A1DC1C9AE00805B1E /* Sources */,
				775BA05B1DC1C9AE00805B1E /* Frameworks */,
				775BA05C1DC1C9AE00805B1E /* Resources */,
				41CE3D4CB85C106677BE5693 /* [CP] Embed Pods Frameworks */,
				B218195F118AF6C7848BBD25 /* [CP] Copy Pods Resources */,
			);
			buildRules = (
			);
			dependencies = (
			);
			name = "音乐播放器";
			productName = "音乐播放器";
			productReference = 775BA05E1DC1C9AE00805B1E /* 音乐播放器.app */;
			productType = "com.apple.product-type.application";
		};
		775BA0761DC1C9AF00805B1E /* 音乐播放器Tests */ = {
			isa = PBXNativeTarget;
			buildConfigurationList = 775BA08E1DC1C9AF00805B1E /* Build configuration list for PBXNativeTarget "音乐播放器Tests" */;
			buildPhases = (
				775BA0731DC1C9AF00805B1E /* Sources */,
				775BA0741DC1C9AF00805B1E /* Frameworks */,
				775BA0751DC1C9AF00805B1E /* Resources */,
			);
			buildRules = (
			);
			dependencies = (
				775BA0791DC1C9AF00805B1E /* PBXTargetDependency */,
			);
			name = "音乐播放器Tests";
			productName = "音乐播放器Tests";
			productReference = 775BA0771DC1C9AF00805B1E /* 音乐播放器Tests.xctest */;
			productType = "com.apple.product-type.bundle.unit-test";
		};
		775BA0811DC1C9AF00805B1E /* 音乐播放器UITests */ = {
			isa = PBXNativeTarget;
			buildConfigurationList = 775BA0911DC1C9AF00805B1E /* Build configuration list for PBXNativeTarget "音乐播放器UITests" */;
			buildPhases = (
				775BA07E1DC1C9AF00805B1E /* Sources */,
				775BA07F1DC1C9AF00805B1E /* Frameworks */,
				775BA0801DC1C9AF00805B1E /* Resources */,
			);
			buildRules = (
			);
			dependencies = (
				775BA0841DC1C9AF00805B1E /* PBXTargetDependency */,
			);
			name = "音乐播放器UITests";
			productName = "音乐播放器UITests";
			productReference = 775BA0821DC1C9AF00805B1E /* 音乐播放器UITests.xctest */;
			productType = "com.apple.product-type.bundle.ui-testing";
		};
/* End PBXNativeTarget section */

/* Begin PBXProject section */
		775BA0561DC1C9AE00805B1E /* Project object */ = {
			isa = PBXProject;
			attributes = {
				LastUpgradeCheck = 0800;
				ORGANIZATIONNAME = Topsky;
				TargetAttributes = {
					775BA05D1DC1C9AE00805B1E = {
						CreatedOnToolsVersion = 8.0;
						ProvisioningStyle = Automatic;
						SystemCapabilities = {
							com.apple.BackgroundModes = {
								enabled = 1;
							};
						};
					};
					775BA0761DC1C9AF00805B1E = {
						CreatedOnToolsVersion = 8.0;
						DevelopmentTeam = C5BS2BPRLK;
						ProvisioningStyle = Automatic;
						TestTargetID = 775BA05D1DC1C9AE00805B1E;
					};
					775BA0811DC1C9AF00805B1E = {
						CreatedOnToolsVersion = 8.0;
						DevelopmentTeam = C5BS2BPRLK;
						ProvisioningStyle = Automatic;
						TestTargetID = 775BA05D1DC1C9AE00805B1E;
					};
				};
			};
			buildConfigurationList = 775BA0591DC1C9AE00805B1E /* Build configuration list for PBXProject "音乐播放器" */;
			compatibilityVersion = "Xcode 3.2";
			developmentRegion = English;
			hasScannedForEncodings = 0;
			knownRegions = (
				en,
				Base,
			);
			mainGroup = 775BA0551DC1C9AE00805B1E;
			productRefGroup = 775BA05F1DC1C9AE00805B1E /* Products */;
			projectDirPath = "";
			projectRoot = "";
			targets = (
				775BA05D1DC1C9AE00805B1E /* 音乐播放器 */,
				775BA0761DC1C9AF00805B1E /* 音乐播放器Tests */,
				775BA0811DC1C9AF00805B1E /* 音乐播放器UITests */,
			);
		};
/* End PBXProject section */

/* Begin PBXResourcesBuildPhase section */
		775BA05C1DC1C9AE00805B1E /* Resources */ = {
			isa = PBXResourcesBuildPhase;
			buildActionMask = 2147483647;
			files = (
				771A42321DCAF68600BDB2DA /* 泡沫.jpg in Resources */,
				77B8F1721DC889F100B3EF7D /* 泡沫.lrc in Resources */,
				771A42361DCAF6AA00BDB2DA /* 稳稳的幸福.jpg in Resources */,
				77B8F17A1DC889F100B3EF7D /* 泡沫.mp3 in Resources */,
				77B8F1751DC889F100B3EF7D /* 小苹果.mp3 in Resources */,
				771A42301DCAF5DF00BDB2DA /* 月半小夜曲.jpg in Resources */,
				775BA0711DC1C9AE00805B1E /* LaunchScreen.storyboard in Resources */,
				77B8F1741DC889F100B3EF7D /* 小苹果.lrc in Resources */,
				771A42381DCB039000BDB2DA /* 4.jpg in Resources */,
				775BA06E1DC1C9AE00805B1E /* Assets.xcassets in Resources */,
				77B8F1861DC88A8A00B3EF7D /* 月半小夜曲.mp3 in Resources */,
				77B8F1731DC889F100B3EF7D /* 稳稳的幸福.lrc in Resources */,
				77B8F1761DC889F100B3EF7D /* 月半小夜曲.lrc in Resources */,
				77B8F1771DC889F100B3EF7D /* 稳稳的幸福.mp3 in Resources */,
				775BA06C1DC1C9AE00805B1E /* Main.storyboard in Resources */,
				771A42341DCAF68F00BDB2DA /* 小苹果.jpg in Resources */,
			);
			runOnlyForDeploymentPostprocessing = 0;
		};
		775BA0751DC1C9AF00805B1E /* Resources */ = {
			isa = PBXResourcesBuildPhase;
			buildActionMask = 2147483647;
			files = (
			);
			runOnlyForDeploymentPostprocessing = 0;
		};
		775BA0801DC1C9AF00805B1E /* Resources */ = {
			isa = PBXResourcesBuildPhase;
			buildActionMask = 2147483647;
			files = (
			);
			runOnlyForDeploymentPostprocessing = 0;
		};
/* End PBXResourcesBuildPhase section */

/* Begin PBXShellScriptBuildPhase section */
		41CE3D4CB85C106677BE5693 /* [CP] Embed Pods Frameworks */ = {
			isa = PBXShellScriptBuildPhase;
			buildActionMask = 2147483647;
			files = (
			);
			inputPaths = (
			);
			name = "[CP] Embed Pods Frameworks";
			outputPaths = (
			);
			runOnlyForDeploymentPostprocessing = 0;
			shellPath = /bin/sh;
			shellScript = "\"${SRCROOT}/Pods/Target Support Files/Pods-音乐播放器/Pods-音乐播放器-frameworks.sh\"\n";
			showEnvVarsInLog = 0;
		};
		898A2289B41F5C0BA22B1DBE /* [CP] Check Pods Manifest.lock */ = {
			isa = PBXShellScriptBuildPhase;
			buildActionMask = 2147483647;
			files = (
			);
			inputPaths = (
			);
			name = "[CP] Check Pods Manifest.lock";
			outputPaths = (
			);
			runOnlyForDeploymentPostprocessing = 0;
			shellPath = /bin/sh;
			shellScript = "diff \"${PODS_ROOT}/../Podfile.lock\" \"${PODS_ROOT}/Manifest.lock\" > /dev/null\nif [[ $? != 0 ]] ; then\n    cat << EOM\nerror: The sandbox is not in sync with the Podfile.lock. Run 'pod install' or update your CocoaPods installation.\nEOM\n    exit 1\nfi\n";
			showEnvVarsInLog = 0;
		};
		B218195F118AF6C7848BBD25 /* [CP] Copy Pods Resources */ = {
			isa = PBXShellScriptBuildPhase;
			buildActionMask = 2147483647;
			files = (
			);
			inputPaths = (
			);
			name = "[CP] Copy Pods Resources";
			outputPaths = (
			);
			runOnlyForDeploymentPostprocessing = 0;
			shellPath = /bin/sh;
			shellScript = "\"${SRCROOT}/Pods/Target Support Files/Pods-音乐播放器/Pods-音乐播放器-resources.sh\"\n";
			showEnvVarsInLog = 0;
		};
/* End PBXShellScriptBuildPhase section */

/* Begin PBXSourcesBuildPhase section */
		775BA05A1DC1C9AE00805B1E /* Sources */ = {
			isa = PBXSourcesBuildPhase;
			buildActionMask = 2147483647;
			files = (
				77B8F1591DC861B100B3EF7D /* SKYLabel.m in Sources */,
				775BA0691DC1C9AE00805B1E /* ViewController.m in Sources */,
				775BA0B21DC1DC1200805B1E /* MusicTableViewCell.m in Sources */,
				7746CAB41DC2ED9600EC94A0 /* LyricTableViewCell.m in Sources */,
				775BA0AA1DC1D3B000805B1E /* SKYMusic.m in Sources */,
				771A422E1DCAEECA00BDB2DA /* SKYSlider.m in Sources */,
				775BA0661DC1C9AE00805B1E /* AppDelegate.m in Sources */,
				775BA0B61DC1DEA600805B1E /* UIImage+SKYExtension.m in Sources */,
				779328591DC7178000D1FCBB /* DetailViewController.m in Sources */,
				77B8F15C1DC866EF00B3EF7D /* SKYLyricView.m in Sources */,
				775BA0BA1DC1EE2400805B1E /* MusicManager.m in Sources */,
				775BA0631DC1C9AE00805B1E /* main.m in Sources */,
				775BA0AD1DC1D49800805B1E /* SKYLyric.m in Sources */,
			);
			runOnlyForDeploymentPostprocessing = 0;
		};
		775BA0731DC1C9AF00805B1E /* Sources */ = {
			isa = PBXSourcesBuildPhase;
			buildActionMask = 2147483647;
			files = (
				775BA07C1DC1C9AF00805B1E /* _____Tests.m in Sources */,
			);
			runOnlyForDeploymentPostprocessing = 0;
		};
		775BA07E1DC1C9AF00805B1E /* Sources */ = {
			isa = PBXSourcesBuildPhase;
			buildActionMask = 2147483647;
			files = (
				775BA0871DC1C9AF00805B1E /* _____UITests.m in Sources */,
			);
			runOnlyForDeploymentPostprocessing = 0;
		};
/* End PBXSourcesBuildPhase section */

/* Begin PBXTargetDependency section */
		775BA0791DC1C9AF00805B1E /* PBXTargetDependency */ = {
			isa = PBXTargetDependency;
			target = 775BA05D1DC1C9AE00805B1E /* 音乐播放器 */;
			targetProxy = 775BA0781DC1C9AF00805B1E /* PBXContainerItemProxy */;
		};
		775BA0841DC1C9AF00805B1E /* PBXTargetDependency */ = {
			isa = PBXTargetDependency;
			target = 775BA05D1DC1C9AE00805B1E /* 音乐播放器 */;
			targetProxy = 775BA0831DC1C9AF00805B1E /* PBXContainerItemProxy */;
		};
/* End PBXTargetDependency section */

/* Begin PBXVariantGroup section */
		775BA06A1DC1C9AE00805B1E /* Main.storyboard */ = {
			isa = PBXVariantGroup;
			children = (
				775BA06B1DC1C9AE00805B1E /* Base */,
			);
			name = Main.storyboard;
			sourceTree = "<group>";
		};
		775BA06F1DC1C9AE00805B1E /* LaunchScreen.storyboard */ = {
			isa = PBXVariantGroup;
			children = (
				775BA0701DC1C9AE00805B1E /* Base */,
			);
			name = LaunchScreen.storyboard;
			sourceTree = "<group>";
		};
/* End PBXVariantGroup section */

/* Begin XCBuildConfiguration section */
		775BA0891DC1C9AF00805B1E /* Debug */ = {
			isa = XCBuildConfiguration;
			buildSettings = {
				ALWAYS_SEARCH_USER_PATHS = NO;
				CLANG_ANALYZER_NONNULL = YES;
				CLANG_CXX_LANGUAGE_STANDARD = "gnu++0x";
				CLANG_CXX_LIBRARY = "libc++";
				CLANG_ENABLE_MODULES = YES;
				CLANG_ENABLE_OBJC_ARC = YES;
				CLANG_WARN_BOOL_CONVERSION = YES;
				CLANG_WARN_CONSTANT_CONVERSION = YES;
				CLANG_WARN_DIRECT_OBJC_ISA_USAGE = YES_ERROR;
				CLANG_WARN_DOCUMENTATION_COMMENTS = YES;
				CLANG_WARN_EMPTY_BODY = YES;
				CLANG_WARN_ENUM_CONVERSION = YES;
				CLANG_WARN_INFINITE_RECURSION = YES;
				CLANG_WARN_INT_CONVERSION = YES;
				CLANG_WARN_OBJC_ROOT_CLASS = YES_ERROR;
				CLANG_WARN_SUSPICIOUS_MOVES = YES;
				CLANG_WARN_UNREACHABLE_CODE = YES;
				CLANG_WARN__DUPLICATE_METHOD_MATCH = YES;
				"CODE_SIGN_IDENTITY[sdk=iphoneos*]" = "iPhone Developer";
				COPY_PHASE_STRIP = NO;
				DEBUG_INFORMATION_FORMAT = dwarf;
				ENABLE_STRICT_OBJC_MSGSEND = YES;
				ENABLE_TESTABILITY = YES;
				GCC_C_LANGUAGE_STANDARD = gnu99;
				GCC_DYNAMIC_NO_PIC = NO;
				GCC_NO_COMMON_BLOCKS = YES;
				GCC_OPTIMIZATION_LEVEL = 0;
				GCC_PREPROCESSOR_DEFINITIONS = (
					"DEBUG=1",
					"$(inherited)",
				);
				GCC_WARN_64_TO_32_BIT_CONVERSION = YES;
				GCC_WARN_ABOUT_RETURN_TYPE = YES_ERROR;
				GCC_WARN_UNDECLARED_SELECTOR = YES;
				GCC_WARN_UNINITIALIZED_AUTOS = YES_AGGRESSIVE;
				GCC_WARN_UNUSED_FUNCTION = YES;
				GCC_WARN_UNUSED_VARIABLE = YES;
				IPHONEOS_DEPLOYMENT_TARGET = 10.0;
				MTL_ENABLE_DEBUG_INFO = YES;
				ONLY_ACTIVE_ARCH = YES;
				SDKROOT = iphoneos;
				TARGETED_DEVICE_FAMILY = "1,2";
			};
			name = Debug;
		};
		775BA08A1DC1C9AF00805B1E /* Release */ = {
			isa = XCBuildConfiguration;
			buildSettings = {
				ALWAYS_SEARCH_USER_PATHS = NO;
				CLANG_ANALYZER_NONNULL = YES;
				CLANG_CXX_LANGUAGE_STANDARD = "gnu++0x";
				CLANG_CXX_LIBRARY = "libc++";
				CLANG_ENABLE_MODULES = YES;
				CLANG_ENABLE_OBJC_ARC = YES;
				CLANG_WARN_BOOL_CONVERSION = YES;
				CLANG_WARN_CONSTANT_CONVERSION = YES;
				CLANG_WARN_DIRECT_OBJC_ISA_USAGE = YES_ERROR;
				CLANG_WARN_DOCUMENTATION_COMMENTS = YES;
				CLANG_WARN_EMPTY_BODY = YES;
				CLANG_WARN_ENUM_CONVERSION = YES;
				CLANG_WARN_INFINITE_RECURSION = YES;
				CLANG_WARN_INT_CONVERSION = YES;
				CLANG_WARN_OBJC_ROOT_CLASS = YES_ERROR;
				CLANG_WARN_SUSPICIOUS_MOVES = YES;
				CLANG_WARN_UNREACHABLE_CODE = YES;
				CLANG_WARN__DUPLICATE_METHOD_MATCH = YES;
				"CODE_SIGN_IDENTITY[sdk=iphoneos*]" = "iPhone Developer";
				COPY_PHASE_STRIP = NO;
				DEBUG_INFORMATION_FORMAT = "dwarf-with-dsym";
				ENABLE_NS_ASSERTIONS = NO;
				ENABLE_STRICT_OBJC_MSGSEND = YES;
				GCC_C_LANGUAGE_STANDARD = gnu99;
				GCC_NO_COMMON_BLOCKS = YES;
				GCC_WARN_64_TO_32_BIT_CONVERSION = YES;
				GCC_WARN_ABOUT_RETURN_TYPE = YES_ERROR;
				GCC_WARN_UNDECLARED_SELECTOR = YES;
				GCC_WARN_UNINITIALIZED_AUTOS = YES_AGGRESSIVE;
				GCC_WARN_UNUSED_FUNCTION = YES;
				GCC_WARN_UNUSED_VARIABLE = YES;
				IPHONEOS_DEPLOYMENT_TARGET = 10.0;
				MTL_ENABLE_DEBUG_INFO = NO;
				SDKROOT = iphoneos;
				TARGETED_DEVICE_FAMILY = "1,2";
				VALIDATE_PRODUCT = YES;
			};
			name = Release;
		};
		775BA08C1DC1C9AF00805B1E /* Debug */ = {
			isa = XCBuildConfiguration;
			baseConfigurationReference = 400E444E76D941B25850C0AA /* Pods-音乐播放器.debug.xcconfig */;
			buildSettings = {
				ASSETCATALOG_COMPILER_APPICON_NAME = AppIcon;
				DEVELOPMENT_TEAM = "";
				INFOPLIST_FILE = "音乐播放器/Info.plist";
				IPHONEOS_DEPLOYMENT_TARGET = 8.0;
				LD_RUNPATH_SEARCH_PATHS = "$(inherited) @executable_path/Frameworks";
				PRODUCT_BUNDLE_IDENTIFIER = "wang.-----";
				PRODUCT_NAME = "$(TARGET_NAME)";
			};
			name = Debug;
		};
		775BA08D1DC1C9AF00805B1E /* Release */ = {
			isa = XCBuildConfiguration;
			baseConfigurationReference = 75B63C08388DB43FC6F1DCF4 /* Pods-音乐播放器.release.xcconfig */;
			buildSettings = {
				ASSETCATALOG_COMPILER_APPICON_NAME = AppIcon;
				DEVELOPMENT_TEAM = "";
				INFOPLIST_FILE = "音乐播放器/Info.plist";
				IPHONEOS_DEPLOYMENT_TARGET = 8.0;
				LD_RUNPATH_SEARCH_PATHS = "$(inherited) @executable_path/Frameworks";
				PRODUCT_BUNDLE_IDENTIFIER = "wang.-----";
				PRODUCT_NAME = "$(TARGET_NAME)";
			};
			name = Release;
		};
		775BA08F1DC1C9AF00805B1E /* Debug */ = {
			isa = XCBuildConfiguration;
			buildSettings = {
				BUNDLE_LOADER = "$(TEST_HOST)";
				DEVELOPMENT_TEAM = C5BS2BPRLK;
				INFOPLIST_FILE = "音乐播放器Tests/Info.plist";
				LD_RUNPATH_SEARCH_PATHS = "$(inherited) @executable_path/Frameworks @loader_path/Frameworks";
				PRODUCT_BUNDLE_IDENTIFIER = "wang.-----Tests";
				PRODUCT_NAME = "$(TARGET_NAME)";
				TEST_HOST = "$(BUILT_PRODUCTS_DIR)/音乐播放器.app/音乐播放器";
			};
			name = Debug;
		};
		775BA0901DC1C9AF00805B1E /* Release */ = {
			isa = XCBuildConfiguration;
			buildSettings = {
				BUNDLE_LOADER = "$(TEST_HOST)";
				DEVELOPMENT_TEAM = C5BS2BPRLK;
				INFOPLIST_FILE = "音乐播放器Tests/Info.plist";
				LD_RUNPATH_SEARCH_PATHS = "$(inherited) @executable_path/Frameworks @loader_path/Frameworks";
				PRODUCT_BUNDLE_IDENTIFIER = "wang.-----Tests";
				PRODUCT_NAME = "$(TARGET_NAME)";
				TEST_HOST = "$(BUILT_PRODUCTS_DIR)/音乐播放器.app/音乐播放器";
			};
			name = Release;
		};
		775BA0921DC1C9AF00805B1E /* Debug */ = {
			isa = XCBuildConfiguration;
			buildSettings = {
				DEVELOPMENT_TEAM = C5BS2BPRLK;
				INFOPLIST_FILE = "音乐播放器UITests/Info.plist";
				LD_RUNPATH_SEARCH_PATHS = "$(inherited) @executable_path/Frameworks @loader_path/Frameworks";
				PRODUCT_BUNDLE_IDENTIFIER = "wang.-----UITests";
				PRODUCT_NAME = "$(TARGET_NAME)";
				TEST_TARGET_NAME = "音乐播放器";
			};
			name = Debug;
		};
		775BA0931DC1C9AF00805B1E /* Release */ = {
			isa = XCBuildConfiguration;
			buildSettings = {
				DEVELOPMENT_TEAM = C5BS2BPRLK;
				INFOPLIST_FILE = "音乐播放器UITests/Info.plist";
				LD_RUNPATH_SEARCH_PATHS = "$(inherited) @executable_path/Frameworks @loader_path/Frameworks";
				PRODUCT_BUNDLE_IDENTIFIER = "wang.-----UITests";
				PRODUCT_NAME = "$(TARGET_NAME)";
				TEST_TARGET_NAME = "音乐播放器";
			};
			name = Release;
		};
/* End XCBuildConfiguration section */

/* Begin XCConfigurationList section */
		775BA0591DC1C9AE00805B1E /* Build configuration list for PBXProject "音乐播放器" */ = {
			isa = XCConfigurationList;
			buildConfigurations = (
				775BA0891DC1C9AF00805B1E /* Debug */,
				775BA08A1DC1C9AF00805B1E /* Release */,
			);
			defaultConfigurationIsVisible = 0;
			defaultConfigurationName = Release;
		};
		775BA08B1DC1C9AF00805B1E /* Build configuration list for PBXNativeTarget "音乐播放器" */ = {
			isa = XCConfigurationList;
			buildConfigurations = (
				775BA08C1DC1C9AF00805B1E /* Debug */,
				775BA08D1DC1C9AF00805B1E /* Release */,
			);
			defaultConfigurationIsVisible = 0;
			defaultConfigurationName = Release;
		};
		775BA08E1DC1C9AF00805B1E /* Build configuration list for PBXNativeTarget "音乐播放器Tests" */ = {
			isa = XCConfigurationList;
			buildConfigurations = (
				775BA08F1DC1C9AF00805B1E /* Debug */,
				775BA0901DC1C9AF00805B1E /* Release */,
			);
			defaultConfigurationIsVisible = 0;
			defaultConfigurationName = Release;
		};
		775BA0911DC1C9AF00805B1E /* Build configuration list for PBXNativeTarget "音乐播放器UITests" */ = {
			isa = XCConfigurationList;
			buildConfigurations = (
				775BA0921DC1C9AF00805B1E /* Debug */,
				775BA0931DC1C9AF00805B1E /* Release */,
			);
			defaultConfigurationIsVisible = 0;
			defaultConfigurationName = Release;
		};
/* End XCConfigurationList section */
	};
	rootObject = 775BA0561DC1C9AE00805B1E /* Project object */;
}
